PODS:
  - JLAuthorizationManager (2.1.1):
    - JLAuthorizationManager/All (= 2.1.1)
  - JLAuthorizationManager/All (2.1.1)
  - WLAuthorization (0.0.1):
    - WLAuthorization/Base (= 0.0.1)
    - WLAuthorization/Location (= 0.0.1)
  - WLAuthorization/Base (0.0.1)
  - WLAuthorization/Location (0.0.1):
    - WLAuthorization/Base

DEPENDENCIES:
  - JLAuthorizationManager
  - WLAuthorization (from `../`)
  - WLAuthorization/Location (from `../`)

SPEC REPOS:
  https://github.com/CocoaPods/Specs.git:
    - JLAuthorizationManager

EXTERNAL SOURCES:
  WLAuthorization:
    :path: "../"

SPEC CHECKSUMS:
  JLAuthorizationManager: 0e2f3ebe2e0945e314af6f2ba8a4acc4764d530b
  WLAuthorization: 2bc9e3157412fea9ee61b96227466712b924708c

PODFILE CHECKSUM: 0919970f31c4f9cfd39456118b7ef46cd2e1dd19

COCOAPODS: 1.10.0
