PODS:
  - JLAuthorizationManager (2.1.1):
    - JLAuthorizationManager/All (= 2.1.1)
  - JLAuthorizationManager/All (2.1.1)
  - WLAuthorization (0.0.1):
    - WLAuthorization/Base (= 0.0.1)
    - WLAuthorization/Bluetooth (= 0.0.1)
    - WLAuthorization/Calendar (= 0.0.1)
    - WLAuthorization/Camera (= 0.0.1)
    - WLAuthorization/Contact (= 0.0.1)
    - WLAuthorization/Location (= 0.0.1)
    - WLAuthorization/Microphone (= 0.0.1)
    - WLAuthorization/PhotoLibrary (= 0.0.1)
  - WLAuthorization/Base (0.0.1)
  - WLAuthorization/Bluetooth (0.0.1):
    - WLAuthorization/Base
  - WLAuthorization/Calendar (0.0.1):
    - WLAuthorization/Base
  - WLAuthorization/Camera (0.0.1):
    - WLAuthorization/Base
  - WLAuthorization/Contact (0.0.1):
    - WLAuthorization/Base
  - WLAuthorization/Location (0.0.1):
    - WLAuthorization/Base
  - WLAuthorization/Microphone (0.0.1):
    - WLAuthorization/Base
  - WLAuthorization/PhotoLibrary (0.0.1):
    - WLAuthorization/Base

DEPENDENCIES:
  - JLAuthorizationManager
  - WLAuthorization (from `../`)

SPEC REPOS:
  https://github.com/CocoaPods/Specs.git:
    - JLAuthorizationManager

EXTERNAL SOURCES:
  WLAuthorization:
    :path: "../"

SPEC CHECKSUMS:
  JLAuthorizationManager: 0e2f3ebe2e0945e314af6f2ba8a4acc4764d530b
  WLAuthorization: b2452d5fe4df32a26762801f4ec9a9cb43e68b13

PODFILE CHECKSUM: 155551579530af6fd1a2edefa5234025ea5a1619

COCOAPODS: 1.10.0
