PODS:
  - JLAuthorizationManager (2.1.1):
    - JLAuthorizationManager/All (= 2.1.1)
  - JLAuthorizationManager/All (2.1.1)
  - WLAuthorization (0.0.1):
    - WLAuthorization/Base (= 0.0.1)
    - WLAuthorization/Camera (= 0.0.1)
    - WLAuthorization/Location (= 0.0.1)
  - WLAuthorization/Base (0.0.1)
  - WLAuthorization/Camera (0.0.1):
    - WLAuthorization/Base
  - WLAuthorization/Location (0.0.1):
    - WLAuthorization/Base

DEPENDENCIES:
  - JLAuthorizationManager
  - WLAuthorization (from `../`)

SPEC REPOS:
  https://github.com/CocoaPods/Specs.git:
    - JLAuthorizationManager

EXTERNAL SOURCES:
  WLAuthorization:
    :path: "../"

SPEC CHECKSUMS:
  JLAuthorizationManager: 0e2f3ebe2e0945e314af6f2ba8a4acc4764d530b
  WLAuthorization: 163b421d4bccad197a4eccdd7030f0dd7d9ff0bb

PODFILE CHECKSUM: 7a8a9576f6b9529ee8c949ee3935502e25df619f

COCOAPODS: 1.10.0
